
Microsoft Visual Studio Solution File, Format Version 12.00
# Visual Studio Version 17
VisualStudioVersion = 17.6.33723.286
MinimumVisualStudioVersion = 10.0.40219.1
Project("{9A19103F-16F7-4668-BE54-9A1E7A4F7556}") = "BeFit", "BeFit.csproj", "{068DEA93-7A1D-4796-AD5A-7B2A1713A9C2}"
EndProject
Project("{2150E333-8FDC-42A3-9474-1A3956D46DE8}") = "Web", "Web", "{562DA414-7ACC-4E76-93F9-C919EAA7D111}"
EndProject
Project("{2150E333-8FDC-42A3-9474-1A3956D46DE8}") = "Data", "Data", "{D4938C48-DD61-49A6-894E-2E2246C73844}"
EndProject
Project("{9A19103F-16F7-4668-BE54-9A1E7A4F7556}") = "BeFit.Data", "..\BeFit.Data\BeFit.Data.csproj", "{1D919C8E-FDE0-4AE1-89D3-536E423574C0}"
EndProject
Project("{9A19103F-16F7-4668-BE54-9A1E7A4F7556}") = "BeFit.Data.Models", "..\BeFit.Data.Models\BeFit.Data.Models.csproj", "{BAB2007F-9B52-4067-BBC4-76B723BBB0B2}"
EndProject
Project("{9A19103F-16F7-4668-BE54-9A1E7A4F7556}") = "BeFit.Common", "..\BeFit.Common\BeFit.Common.csproj", "{D4D1CA45-ACA9-4432-A9B6-43C851F983B2}"
EndProject
Project("{9A19103F-16F7-4668-BE54-9A1E7A4F7556}") = "BeFit.Web.ViewModels", "..\BeFit.Web.ViewModels\BeFit.Web.ViewModels.csproj", "{4B1402C3-EFA6-41A3-BC6A-E4553FB9CD7A}"
EndProject
Project("{2150E333-8FDC-42A3-9474-1A3956D46DE8}") = "Services", "Services", "{AC4E5680-6696-4BED-935A-8C0656468075}"
EndProject
Project("{9A19103F-16F7-4668-BE54-9A1E7A4F7556}") = "BeFit.Services.Data", "..\BeFit.Services.Data\BeFit.Services.Data.csproj", "{C1D08144-C353-43E2-8312-8A4EDE70425C}"
EndProject
Project("{9A19103F-16F7-4668-BE54-9A1E7A4F7556}") = "BeFit.Web.Infrastructure", "..\BeFit.Web.Infrastructure\BeFit.Web.Infrastructure.csproj", "{EF87EC93-7E23-4D5A-8B0F-A7BD9F6A91DF}"
EndProject
Project("{9A19103F-16F7-4668-BE54-9A1E7A4F7556}") = "BeFit.Services.Data.Models", "..\BeFit.Services.Data.Models\BeFit.Services.Data.Models.csproj", "{33B9632E-2446-4F75-9566-12D7F35C9C0B}"
EndProject
Project("{FAE04EC0-301F-11D3-BF4B-00C04F79EFBC}") = "BeFit.WebApi", "..\BeFit.WebApi\BeFit.WebApi.csproj", "{2C15EC3D-89D4-4DE5-A05C-BE6B19FD4CD4}"
EndProject
Global
	GlobalSection(SolutionConfigurationPlatforms) = preSolution
		Debug|Any CPU = Debug|Any CPU
		Release|Any CPU = Release|Any CPU
	EndGlobalSection
	GlobalSection(ProjectConfigurationPlatforms) = postSolution
		{068DEA93-7A1D-4796-AD5A-7B2A1713A9C2}.Debug|Any CPU.ActiveCfg = Debug|Any CPU
		{068DEA93-7A1D-4796-AD5A-7B2A1713A9C2}.Debug|Any CPU.Build.0 = Debug|Any CPU
		{068DEA93-7A1D-4796-AD5A-7B2A1713A9C2}.Release|Any CPU.ActiveCfg = Release|Any CPU
		{068DEA93-7A1D-4796-AD5A-7B2A1713A9C2}.Release|Any CPU.Build.0 = Release|Any CPU
		{1D919C8E-FDE0-4AE1-89D3-536E423574C0}.Debug|Any CPU.ActiveCfg = Debug|Any CPU
		{1D919C8E-FDE0-4AE1-89D3-536E423574C0}.Debug|Any CPU.Build.0 = Debug|Any CPU
		{1D919C8E-FDE0-4AE1-89D3-536E423574C0}.Release|Any CPU.ActiveCfg = Release|Any CPU
		{1D919C8E-FDE0-4AE1-89D3-536E423574C0}.Release|Any CPU.Build.0 = Release|Any CPU
		{BAB2007F-9B52-4067-BBC4-76B723BBB0B2}.Debug|Any CPU.ActiveCfg = Debug|Any CPU
		{BAB2007F-9B52-4067-BBC4-76B723BBB0B2}.Debug|Any CPU.Build.0 = Debug|Any CPU
		{BAB2007F-9B52-4067-BBC4-76B723BBB0B2}.Release|Any CPU.ActiveCfg = Release|Any CPU
		{BAB2007F-9B52-4067-BBC4-76B723BBB0B2}.Release|Any CPU.Build.0 = Release|Any CPU
		{D4D1CA45-ACA9-4432-A9B6-43C851F983B2}.Debug|Any CPU.ActiveCfg = Debug|Any CPU
		{D4D1CA45-ACA9-4432-A9B6-43C851F983B2}.Debug|Any CPU.Build.0 = Debug|Any CPU
		{D4D1CA45-ACA9-4432-A9B6-43C851F983B2}.Release|Any CPU.ActiveCfg = Release|Any CPU
		{D4D1CA45-ACA9-4432-A9B6-43C851F983B2}.Release|Any CPU.Build.0 = Release|Any CPU
		{4B1402C3-EFA6-41A3-BC6A-E4553FB9CD7A}.Debug|Any CPU.ActiveCfg = Debug|Any CPU
		{4B1402C3-EFA6-41A3-BC6A-E4553FB9CD7A}.Debug|Any CPU.Build.0 = Debug|Any CPU
		{4B1402C3-EFA6-41A3-BC6A-E4553FB9CD7A}.Release|Any CPU.ActiveCfg = Release|Any CPU
		{4B1402C3-EFA6-41A3-BC6A-E4553FB9CD7A}.Release|Any CPU.Build.0 = Release|Any CPU
		{C1D08144-C353-43E2-8312-8A4EDE70425C}.Debug|Any CPU.ActiveCfg = Debug|Any CPU
		{C1D08144-C353-43E2-8312-8A4EDE70425C}.Debug|Any CPU.Build.0 = Debug|Any CPU
		{C1D08144-C353-43E2-8312-8A4EDE70425C}.Release|Any CPU.ActiveCfg = Release|Any CPU
		{C1D08144-C353-43E2-8312-8A4EDE70425C}.Release|Any CPU.Build.0 = Release|Any CPU
		{EF87EC93-7E23-4D5A-8B0F-A7BD9F6A91DF}.Debug|Any CPU.ActiveCfg = Debug|Any CPU
		{EF87EC93-7E23-4D5A-8B0F-A7BD9F6A91DF}.Debug|Any CPU.Build.0 = Debug|Any CPU
		{EF87EC93-7E23-4D5A-8B0F-A7BD9F6A91DF}.Release|Any CPU.ActiveCfg = Release|Any CPU
		{EF87EC93-7E23-4D5A-8B0F-A7BD9F6A91DF}.Release|Any CPU.Build.0 = Release|Any CPU
		{33B9632E-2446-4F75-9566-12D7F35C9C0B}.Debug|Any CPU.ActiveCfg = Debug|Any CPU
		{33B9632E-2446-4F75-9566-12D7F35C9C0B}.Debug|Any CPU.Build.0 = Debug|Any CPU
		{33B9632E-2446-4F75-9566-12D7F35C9C0B}.Release|Any CPU.ActiveCfg = Release|Any CPU
		{33B9632E-2446-4F75-9566-12D7F35C9C0B}.Release|Any CPU.Build.0 = Release|Any CPU
		{2C15EC3D-89D4-4DE5-A05C-BE6B19FD4CD4}.Debug|Any CPU.ActiveCfg = Debug|Any CPU
		{2C15EC3D-89D4-4DE5-A05C-BE6B19FD4CD4}.Debug|Any CPU.Build.0 = Debug|Any CPU
		{2C15EC3D-89D4-4DE5-A05C-BE6B19FD4CD4}.Release|Any CPU.ActiveCfg = Release|Any CPU
		{2C15EC3D-89D4-4DE5-A05C-BE6B19FD4CD4}.Release|Any CPU.Build.0 = Release|Any CPU
	EndGlobalSection
	GlobalSection(SolutionProperties) = preSolution
		HideSolutionNode = FALSE
	EndGlobalSection
	GlobalSection(NestedProjects) = preSolution
		{068DEA93-7A1D-4796-AD5A-7B2A1713A9C2} = {562DA414-7ACC-4E76-93F9-C919EAA7D111}
		{1D919C8E-FDE0-4AE1-89D3-536E423574C0} = {D4938C48-DD61-49A6-894E-2E2246C73844}
		{BAB2007F-9B52-4067-BBC4-76B723BBB0B2} = {D4938C48-DD61-49A6-894E-2E2246C73844}
		{4B1402C3-EFA6-41A3-BC6A-E4553FB9CD7A} = {562DA414-7ACC-4E76-93F9-C919EAA7D111}
		{C1D08144-C353-43E2-8312-8A4EDE70425C} = {AC4E5680-6696-4BED-935A-8C0656468075}
		{EF87EC93-7E23-4D5A-8B0F-A7BD9F6A91DF} = {562DA414-7ACC-4E76-93F9-C919EAA7D111}
		{33B9632E-2446-4F75-9566-12D7F35C9C0B} = {AC4E5680-6696-4BED-935A-8C0656468075}
		{2C15EC3D-89D4-4DE5-A05C-BE6B19FD4CD4} = {562DA414-7ACC-4E76-93F9-C919EAA7D111}
	EndGlobalSection
	GlobalSection(ExtensibilityGlobals) = postSolution
		SolutionGuid = {0D20DF03-D57F-422F-957C-477668831C02}
	EndGlobalSection
EndGlobal
